
Microsoft Visual Studio Solution File, Format Version 12.00
# Visual Studio Version 16
VisualStudioVersion = 16.0.31702.278
MinimumVisualStudioVersion = 10.0.40219.1
Project("{FAE04EC0-301F-11D3-BF4B-00C04F79EFBC}") = "SaloonSharm", "SaloonSharm.csproj", "{0D17F5C8-9871-486A-A0A2-6AE465C0DDB8}"
EndProject
Global
	GlobalSection(SolutionConfigurationPlatforms) = preSolution
		Debug|Any CPU = Debug|Any CPU
		Release|Any CPU = Release|Any CPU
	EndGlobalSection
	GlobalSection(ProjectConfigurationPlatforms) = postSolution
		{0D17F5C8-9871-486A-A0A2-6AE465C0DDB8}.Debug|Any CPU.ActiveCfg = Debug|Any CPU
		{0D17F5C8-9871-486A-A0A2-6AE465C0DDB8}.Debug|Any CPU.Build.0 = Debug|Any CPU
		{0D17F5C8-9871-486A-A0A2-6AE465C0DDB8}.Release|Any CPU.ActiveCfg = Release|Any CPU
		{0D17F5C8-9871-486A-A0A2-6AE465C0DDB8}.Release|Any CPU.Build.0 = Release|Any CPU
	EndGlobalSection
	GlobalSection(SolutionProperties) = preSolution
		HideSolutionNode = FALSE
	EndGlobalSection
	GlobalSection(ExtensibilityGlobals) = postSolution
		SolutionGuid = {8343C170-7FD4-4977-8695-F0CAF64CBF77}
	EndGlobalSection
EndGlobal
